{
  "name": "@jc_stack/ez-github-issues-stocks",
  "version": "0.1.0-beta.1",
  "lockfileVersion": 3,
  "requires": true,
  "packages": {
    "": {
      "name": "@jc_stack/ez-github-issues-stocks",
      "version": "0.1.0-beta.1",
      "license": "MIT",
      "engines": {
        "node": ">=22"
      }
    }
  }
}
